
Microsoft Visual Studio Solution File, Format Version 12.00
Project("{FAE04EC0-301F-11D3-BF4B-00C04F79EFBC}") = "MtgBlowfish", "MtgBlowfish\MtgBlowfish.csproj", "{A4F6740C-BD28-4D8D-9805-1EBC8D9DDE39}"
EndProject
Project("{FAE04EC0-301F-11D3-BF4B-00C04F79EFBC}") = "MtgBlowfish.Scryfall", "MtgBlowfish.Scryfall\MtgBlowfish.Scryfall.csproj", "{F8DCD0B9-9EEB-4D41-AC20-4FDA0D289853}"
EndProject
Global
	GlobalSection(SolutionConfigurationPlatforms) = preSolution
		Debug|Any CPU = Debug|Any CPU
		Release|Any CPU = Release|Any CPU
	EndGlobalSection
	GlobalSection(ProjectConfigurationPlatforms) = postSolution
		{A4F6740C-BD28-4D8D-9805-1EBC8D9DDE39}.Debug|Any CPU.ActiveCfg = Debug|Any CPU
		{A4F6740C-BD28-4D8D-9805-1EBC8D9DDE39}.Debug|Any CPU.Build.0 = Debug|Any CPU
		{A4F6740C-BD28-4D8D-9805-1EBC8D9DDE39}.Release|Any CPU.ActiveCfg = Release|Any CPU
		{A4F6740C-BD28-4D8D-9805-1EBC8D9DDE39}.Release|Any CPU.Build.0 = Release|Any CPU
		{F8DCD0B9-9EEB-4D41-AC20-4FDA0D289853}.Debug|Any CPU.ActiveCfg = Debug|Any CPU
		{F8DCD0B9-9EEB-4D41-AC20-4FDA0D289853}.Debug|Any CPU.Build.0 = Debug|Any CPU
		{F8DCD0B9-9EEB-4D41-AC20-4FDA0D289853}.Release|Any CPU.ActiveCfg = Release|Any CPU
		{F8DCD0B9-9EEB-4D41-AC20-4FDA0D289853}.Release|Any CPU.Build.0 = Release|Any CPU
	EndGlobalSection
EndGlobal
